
Microsoft Visual Studio Solution File, Format Version 12.00
# Visual Studio Version 17
VisualStudioVersion = 17.4.33205.214
MinimumVisualStudioVersion = 10.0.40219.1
Project("{FAE04EC0-301F-11D3-BF4B-00C04F79EFBC}") = "Project1", "Project1\Project1.csproj", "{B31B13A7-78DA-4E06-8A3A-8CBB56A09340}"
EndProject
Global
	GlobalSection(SolutionConfigurationPlatforms) = preSolution
		Debug|Any CPU = Debug|Any CPU
		Release|Any CPU = Release|Any CPU
	EndGlobalSection
	GlobalSection(ProjectConfigurationPlatforms) = postSolution
		{B31B13A7-78DA-4E06-8A3A-8CBB56A09340}.Debug|Any CPU.ActiveCfg = Debug|Any CPU
		{B31B13A7-78DA-4E06-8A3A-8CBB56A09340}.Debug|Any CPU.Build.0 = Debug|Any CPU
		{B31B13A7-78DA-4E06-8A3A-8CBB56A09340}.Release|Any CPU.ActiveCfg = Release|Any CPU
		{B31B13A7-78DA-4E06-8A3A-8CBB56A09340}.Release|Any CPU.Build.0 = Release|Any CPU
	EndGlobalSection
	GlobalSection(SolutionProperties) = preSolution
		HideSolutionNode = FALSE
	EndGlobalSection
	GlobalSection(ExtensibilityGlobals) = postSolution
		SolutionGuid = {DB9D0096-7CF3-41B4-8934-F2D607114651}
	EndGlobalSection
EndGlobal
